DEPENDENCIES
  app
    path: .
    metadata: true
  play2
    git: https://github.com/gulsharan/play2.git
    revision: 624815dd04c1bf6d675b6b5a3d510f61ace87702

GRAPH
  app (0.1.0)
    play2 (~> 0.1.0)
  artifact (1.12.2)
    windows (>= 0.0.0)
  chef_handler (1.2.0)
  java (1.35.0)
  play2 (0.1.0)
    artifact (~> 1.12.2)
    java (~> 1.35.0)
  windows (1.38.1)
    chef_handler (>= 0.0.0)
